// !$*UTF8*$!
{
	archiveVersion = 1;
	classes = {
	};
	objectVersion = 56;
	objects = {

/* Begin PBXBuildFile section */
		D9DF478B2BD5E6A200D050D1 /* SampleHTMLParsingApp.swift in Sources */ = {isa = PBXBuildFile; fileRef = D9DF478A2BD5E6A200D050D1 /* SampleHTMLParsingApp.swift */; };
		D9DF478D2BD5E6A200D050D1 /* ContentView.swift in Sources */ = {isa = PBXBuildFile; fileRef = D9DF478C2BD5E6A200D050D1 /* ContentView.swift */; };
		D9DF478F2BD5E6A400D050D1 /* Assets.xcassets in Resources */ = {isa = PBXBuildFile; fileRef = D9DF478E2BD5E6A400D050D1 /* Assets.xcassets */; };
		D9DF47922BD5E6A400D050D1 /* Preview Assets.xcassets in Resources */ = {isa = PBXBuildFile; fileRef = D9DF47912BD5E6A400D050D1 /* Preview Assets.xcassets */; };
		D9DF479A2BD5E92200D050D1 /* Alamofire in Frameworks */ = {isa = PBXBuildFile; productRef = D9DF47992BD5E92200D050D1 /* Alamofire */; };
		D9DF47A52BD5E99F00D050D1 /* BaseNetworking.swift in Sources */ = {isa = PBXBuildFile; fileRef = D9DF47A02BD5E99F00D050D1 /* BaseNetworking.swift */; };
		D9DF47A62BD5E99F00D050D1 /* API.swift in Sources */ = {isa = PBXBuildFile; fileRef = D9DF47A12BD5E99F00D050D1 /* API.swift */; };
		D9DF47A72BD5E99F00D050D1 /* AppEnvironment.swift in Sources */ = {isa = PBXBuildFile; fileRef = D9DF47A22BD5E99F00D050D1 /* AppEnvironment.swift */; };
		D9DF47A82BD5E99F00D050D1 /* RestEnvironment.swift in Sources */ = {isa = PBXBuildFile; fileRef = D9DF47A42BD5E99F00D050D1 /* RestEnvironment.swift */; };
		D9DF48182BD5E9AB00D050D1 /* RestServices.swift in Sources */ = {isa = PBXBuildFile; fileRef = D9DF47AA2BD5E9AB00D050D1 /* RestServices.swift */; };
		D9DF48192BD5E9AB00D050D1 /* EndPoints.swift in Sources */ = {isa = PBXBuildFile; fileRef = D9DF47AB2BD5E9AB00D050D1 /* EndPoints.swift */; };
		D9DF481A2BD5E9AB00D050D1 /* RequestWrapper.swift in Sources */ = {isa = PBXBuildFile; fileRef = D9DF47AD2BD5E9AB00D050D1 /* RequestWrapper.swift */; };
		D9DF481B2BD5E9AB00D050D1 /* RestErrorResponse.swift in Sources */ = {isa = PBXBuildFile; fileRef = D9DF47AE2BD5E9AB00D050D1 /* RestErrorResponse.swift */; };
		D9DF481C2BD5E9AB00D050D1 /* ResponseWrapper.swift in Sources */ = {isa = PBXBuildFile; fileRef = D9DF47AF2BD5E9AB00D050D1 /* ResponseWrapper.swift */; };
		D9DF481D2BD5E9AB00D050D1 /* ErrorResponseModel.swift in Sources */ = {isa = PBXBuildFile; fileRef = D9DF47B02BD5E9AB00D050D1 /* ErrorResponseModel.swift */; };
		D9DF48722BD5F0B000D050D1 /* APIKey.swift in Sources */ = {isa = PBXBuildFile; fileRef = D9DF48712BD5F0B000D050D1 /* APIKey.swift */; };
		D9DF48742BD5F0EC00D050D1 /* .gitignore in Resources */ = {isa = PBXBuildFile; fileRef = D9DF48732BD5F0EC00D050D1 /* .gitignore */; };
		D9DF48762BD5FB7000D050D1 /* Subway.swift in Sources */ = {isa = PBXBuildFile; fileRef = D9DF48752BD5FB7000D050D1 /* Subway.swift */; };
		D9DF48792BD6257A00D050D1 /* XMLCoder in Frameworks */ = {isa = PBXBuildFile; productRef = D9DF48782BD6257A00D050D1 /* XMLCoder */; };
		D9DF487C2BD6306A00D050D1 /* SWXMLHash in Frameworks */ = {isa = PBXBuildFile; productRef = D9DF487B2BD6306A00D050D1 /* SWXMLHash */; };
		D9DF48852BD659CF00D050D1 /* SplashView.swift in Sources */ = {isa = PBXBuildFile; fileRef = D9DF48842BD659CF00D050D1 /* SplashView.swift */; };
		D9DF48872BD65B9200D050D1 /* SplashViewModel.swift in Sources */ = {isa = PBXBuildFile; fileRef = D9DF48862BD65B9200D050D1 /* SplashViewModel.swift */; };
/* End PBXBuildFile section */

/* Begin PBXFileReference section */
		D9DF47872BD5E6A200D050D1 /* SampleHTMLParsing.app */ = {isa = PBXFileReference; explicitFileType = wrapper.application; includeInIndex = 0; path = SampleHTMLParsing.app; sourceTree = BUILT_PRODUCTS_DIR; };
		D9DF478A2BD5E6A200D050D1 /* SampleHTMLParsingApp.swift */ = {isa = PBXFileReference; lastKnownFileType = sourcecode.swift; path = SampleHTMLParsingApp.swift; sourceTree = "<group>"; };
		D9DF478C2BD5E6A200D050D1 /* ContentView.swift */ = {isa = PBXFileReference; lastKnownFileType = sourcecode.swift; path = ContentView.swift; sourceTree = "<group>"; };
		D9DF478E2BD5E6A400D050D1 /* Assets.xcassets */ = {isa = PBXFileReference; lastKnownFileType = folder.assetcatalog; path = Assets.xcassets; sourceTree = "<group>"; };
		D9DF47912BD5E6A400D050D1 /* Preview Assets.xcassets */ = {isa = PBXFileReference; lastKnownFileType = folder.assetcatalog; path = "Preview Assets.xcassets"; sourceTree = "<group>"; };
		D9DF47A02BD5E99F00D050D1 /* BaseNetworking.swift */ = {isa = PBXFileReference; fileEncoding = 4; lastKnownFileType = sourcecode.swift; path = BaseNetworking.swift; sourceTree = "<group>"; };
		D9DF47A12BD5E99F00D050D1 /* API.swift */ = {isa = PBXFileReference; fileEncoding = 4; lastKnownFileType = sourcecode.swift; path = API.swift; sourceTree = "<group>"; };
		D9DF47A22BD5E99F00D050D1 /* AppEnvironment.swift */ = {isa = PBXFileReference; fileEncoding = 4; lastKnownFileType = sourcecode.swift; path = AppEnvironment.swift; sourceTree = "<group>"; };
		D9DF47A42BD5E99F00D050D1 /* RestEnvironment.swift */ = {isa = PBXFileReference; fileEncoding = 4; lastKnownFileType = sourcecode.swift; path = RestEnvironment.swift; sourceTree = "<group>"; };
		D9DF47AA2BD5E9AB00D050D1 /* RestServices.swift */ = {isa = PBXFileReference; fileEncoding = 4; lastKnownFileType = sourcecode.swift; path = RestServices.swift; sourceTree = "<group>"; };
		D9DF47AB2BD5E9AB00D050D1 /* EndPoints.swift */ = {isa = PBXFileReference; fileEncoding = 4; lastKnownFileType = sourcecode.swift; path = EndPoints.swift; sourceTree = "<group>"; };
		D9DF47AD2BD5E9AB00D050D1 /* RequestWrapper.swift */ = {isa = PBXFileReference; fileEncoding = 4; lastKnownFileType = sourcecode.swift; path = RequestWrapper.swift; sourceTree = "<group>"; };
		D9DF47AE2BD5E9AB00D050D1 /* RestErrorResponse.swift */ = {isa = PBXFileReference; fileEncoding = 4; lastKnownFileType = sourcecode.swift; path = RestErrorResponse.swift; sourceTree = "<group>"; };
		D9DF47AF2BD5E9AB00D050D1 /* ResponseWrapper.swift */ = {isa = PBXFileReference; fileEncoding = 4; lastKnownFileType = sourcecode.swift; path = ResponseWrapper.swift; sourceTree = "<group>"; };
		D9DF47B02BD5E9AB00D050D1 /* ErrorResponseModel.swift */ = {isa = PBXFileReference; fileEncoding = 4; lastKnownFileType = sourcecode.swift; path = ErrorResponseModel.swift; sourceTree = "<group>"; };
		D9DF486E2BD5F02100D050D1 /* Info.plist */ = {isa = PBXFileReference; lastKnownFileType = text.plist; path = Info.plist; sourceTree = "<group>"; };
		D9DF48712BD5F0B000D050D1 /* APIKey.swift */ = {isa = PBXFileReference; lastKnownFileType = sourcecode.swift; path = APIKey.swift; sourceTree = "<group>"; };
		D9DF48732BD5F0EC00D050D1 /* .gitignore */ = {isa = PBXFileReference; lastKnownFileType = text; path = .gitignore; sourceTree = "<group>"; };
		D9DF48752BD5FB7000D050D1 /* Subway.swift */ = {isa = PBXFileReference; lastKnownFileType = sourcecode.swift; path = Subway.swift; sourceTree = "<group>"; };
		D9DF48842BD659CF00D050D1 /* SplashView.swift */ = {isa = PBXFileReference; lastKnownFileType = sourcecode.swift; path = SplashView.swift; sourceTree = "<group>"; };
		D9DF48862BD65B9200D050D1 /* SplashViewModel.swift */ = {isa = PBXFileReference; lastKnownFileType = sourcecode.swift; path = SplashViewModel.swift; sourceTree = "<group>"; };
/* End PBXFileReference section */

/* Begin PBXFrameworksBuildPhase section */
		D9DF47842BD5E6A200D050D1 /* Frameworks */ = {
			isa = PBXFrameworksBuildPhase;
			buildActionMask = 2147483647;
			files = (
				D9DF487C2BD6306A00D050D1 /* SWXMLHash in Frameworks */,
				D9DF48792BD6257A00D050D1 /* XMLCoder in Frameworks */,
				D9DF479A2BD5E92200D050D1 /* Alamofire in Frameworks */,
			);
			runOnlyForDeploymentPostprocessing = 0;
		};
/* End PBXFrameworksBuildPhase section */

/* Begin PBXGroup section */
		D9DF477E2BD5E6A200D050D1 = {
			isa = PBXGroup;
			children = (
				D9DF48732BD5F0EC00D050D1 /* .gitignore */,
				D9DF47892BD5E6A200D050D1 /* SampleHTMLParsing */,
				D9DF47882BD5E6A200D050D1 /* Products */,
			);
			sourceTree = "<group>";
		};
		D9DF47882BD5E6A200D050D1 /* Products */ = {
			isa = PBXGroup;
			children = (
				D9DF47872BD5E6A200D050D1 /* SampleHTMLParsing.app */,
			);
			name = Products;
			sourceTree = "<group>";
		};
		D9DF47892BD5E6A200D050D1 /* SampleHTMLParsing */ = {
			isa = PBXGroup;
			children = (
				D9DF487D2BD6596400D050D1 /* Presentation */,
				D9DF48702BD5F09F00D050D1 /* Helper */,
				D9DF486F2BD5F09800D050D1 /* Resources */,
				D9DF486E2BD5F02100D050D1 /* Info.plist */,
				D9DF479E2BD5E98900D050D1 /* Network */,
				D9DF478A2BD5E6A200D050D1 /* SampleHTMLParsingApp.swift */,
				D9DF478C2BD5E6A200D050D1 /* ContentView.swift */,
				D9DF478E2BD5E6A400D050D1 /* Assets.xcassets */,
				D9DF47902BD5E6A400D050D1 /* Preview Content */,
			);
			path = SampleHTMLParsing;
			sourceTree = "<group>";
		};
		D9DF47902BD5E6A400D050D1 /* Preview Content */ = {
			isa = PBXGroup;
			children = (
				D9DF47912BD5E6A400D050D1 /* Preview Assets.xcassets */,
			);
			path = "Preview Content";
			sourceTree = "<group>";
		};
		D9DF479E2BD5E98900D050D1 /* Network */ = {
			isa = PBXGroup;
			children = (
				D9DF47B12BD5E9AB00D050D1 /* Model */,
				D9DF47A92BD5E9AB00D050D1 /* Services */,
				D9DF47A32BD5E99F00D050D1 /* Enums */,
				D9DF479F2BD5E99F00D050D1 /* Network */,
			);
			path = Network;
			sourceTree = "<group>";
		};
		D9DF479F2BD5E99F00D050D1 /* Network */ = {
			isa = PBXGroup;
			children = (
				D9DF47A02BD5E99F00D050D1 /* BaseNetworking.swift */,
				D9DF47A12BD5E99F00D050D1 /* API.swift */,
				D9DF47A22BD5E99F00D050D1 /* AppEnvironment.swift */,
			);
			path = Network;
			sourceTree = "<group>";
		};
		D9DF47A32BD5E99F00D050D1 /* Enums */ = {
			isa = PBXGroup;
			children = (
				D9DF47A42BD5E99F00D050D1 /* RestEnvironment.swift */,
			);
			path = Enums;
			sourceTree = "<group>";
		};
		D9DF47A92BD5E9AB00D050D1 /* Services */ = {
			isa = PBXGroup;
			children = (
				D9DF47AA2BD5E9AB00D050D1 /* RestServices.swift */,
				D9DF47AB2BD5E9AB00D050D1 /* EndPoints.swift */,
				D9DF47AC2BD5E9AB00D050D1 /* BaseModel */,
			);
			path = Services;
			sourceTree = "<group>";
		};
		D9DF47AC2BD5E9AB00D050D1 /* BaseModel */ = {
			isa = PBXGroup;
			children = (
				D9DF47AD2BD5E9AB00D050D1 /* RequestWrapper.swift */,
				D9DF47AE2BD5E9AB00D050D1 /* RestErrorResponse.swift */,
				D9DF47AF2BD5E9AB00D050D1 /* ResponseWrapper.swift */,
				D9DF47B02BD5E9AB00D050D1 /* ErrorResponseModel.swift */,
			);
			path = BaseModel;
			sourceTree = "<group>";
		};
		D9DF47B12BD5E9AB00D050D1 /* Model */ = {
			isa = PBXGroup;
			children = (
				D9DF47B52BD5E9AB00D050D1 /* Response */,
				D9DF47F22BD5E9AB00D050D1 /* Request */,
			);
			path = Model;
			sourceTree = "<group>";
		};
		D9DF47B52BD5E9AB00D050D1 /* Response */ = {
			isa = PBXGroup;
			children = (
			);
			path = Response;
			sourceTree = "<group>";
		};
		D9DF47F22BD5E9AB00D050D1 /* Request */ = {
			isa = PBXGroup;
			children = (
				D9DF48752BD5FB7000D050D1 /* Subway.swift */,
			);
			path = Request;
			sourceTree = "<group>";
		};
		D9DF486F2BD5F09800D050D1 /* Resources */ = {
			isa = PBXGroup;
			children = (
			);
			path = Resources;
			sourceTree = "<group>";
		};
		D9DF48702BD5F09F00D050D1 /* Helper */ = {
			isa = PBXGroup;
			children = (
				D9DF48712BD5F0B000D050D1 /* APIKey.swift */,
			);
			path = Helper;
			sourceTree = "<group>";
		};
		D9DF487D2BD6596400D050D1 /* Presentation */ = {
			isa = PBXGroup;
			children = (
				D9DF48802BD6597A00D050D1 /* Main */,
				D9DF487F2BD6597400D050D1 /* Onboarding */,
				D9DF487E2BD6596C00D050D1 /* Splash */,
			);
			path = Presentation;
			sourceTree = "<group>";
		};
		D9DF487E2BD6596C00D050D1 /* Splash */ = {
			isa = PBXGroup;
			children = (
				D9DF48842BD659CF00D050D1 /* SplashView.swift */,
				D9DF48862BD65B9200D050D1 /* SplashViewModel.swift */,
			);
			path = Splash;
			sourceTree = "<group>";
		};
		D9DF487F2BD6597400D050D1 /* Onboarding */ = {
			isa = PBXGroup;
			children = (
			);
			path = Onboarding;
			sourceTree = "<group>";
		};
		D9DF48802BD6597A00D050D1 /* Main */ = {
			isa = PBXGroup;
			children = (
				D9DF48832BD6598800D050D1 /* Setting */,
				D9DF48822BD6598300D050D1 /* Profile */,
				D9DF48812BD6597F00D050D1 /* Home */,
			);
			path = Main;
			sourceTree = "<group>";
		};
		D9DF48812BD6597F00D050D1 /* Home */ = {
			isa = PBXGroup;
			children = (
			);
			path = Home;
			sourceTree = "<group>";
		};
		D9DF48822BD6598300D050D1 /* Profile */ = {
			isa = PBXGroup;
			children = (
			);
			path = Profile;
			sourceTree = "<group>";
		};
		D9DF48832BD6598800D050D1 /* Setting */ = {
			isa = PBXGroup;
			children = (
			);
			path = Setting;
			sourceTree = "<group>";
		};
/* End PBXGroup section */

/* Begin PBXNativeTarget section */
		D9DF47862BD5E6A200D050D1 /* SampleHTMLParsing */ = {
			isa = PBXNativeTarget;
			buildConfigurationList = D9DF47952BD5E6A400D050D1 /* Build configuration list for PBXNativeTarget "SampleHTMLParsing" */;
			buildPhases = (
				D9DF47832BD5E6A200D050D1 /* Sources */,
				D9DF47842BD5E6A200D050D1 /* Frameworks */,
				D9DF47852BD5E6A200D050D1 /* Resources */,
			);
			buildRules = (
			);
			dependencies = (
			);
			name = SampleHTMLParsing;
			packageProductDependencies = (
				D9DF47992BD5E92200D050D1 /* Alamofire */,
				D9DF48782BD6257A00D050D1 /* XMLCoder */,
				D9DF487B2BD6306A00D050D1 /* SWXMLHash */,
			);
			productName = SampleHTMLParsing;
			productReference = D9DF47872BD5E6A200D050D1 /* SampleHTMLParsing.app */;
			productType = "com.apple.product-type.application";
		};
/* End PBXNativeTarget section */

/* Begin PBXProject section */
		D9DF477F2BD5E6A200D050D1 /* Project object */ = {
			isa = PBXProject;
			attributes = {
				BuildIndependentTargetsInParallel = 1;
				LastSwiftUpdateCheck = 1500;
				LastUpgradeCheck = 1500;
				TargetAttributes = {
					D9DF47862BD5E6A200D050D1 = {
						CreatedOnToolsVersion = 15.0.1;
					};
				};
			};
			buildConfigurationList = D9DF47822BD5E6A200D050D1 /* Build configuration list for PBXProject "SampleHTMLParsing" */;
			compatibilityVersion = "Xcode 14.0";
			developmentRegion = en;
			hasScannedForEncodings = 0;
			knownRegions = (
				en,
				Base,
			);
			mainGroup = D9DF477E2BD5E6A200D050D1;
			packageReferences = (
				D9DF47982BD5E92200D050D1 /* XCRemoteSwiftPackageReference "Alamofire" */,
				D9DF48772BD6257A00D050D1 /* XCRemoteSwiftPackageReference "XMLCoder" */,
				D9DF487A2BD6306A00D050D1 /* XCRemoteSwiftPackageReference "SWXMLHash" */,
			);
			productRefGroup = D9DF47882BD5E6A200D050D1 /* Products */;
			projectDirPath = "";
			projectRoot = "";
			targets = (
				D9DF47862BD5E6A200D050D1 /* SampleHTMLParsing */,
			);
		};
/* End PBXProject section */

/* Begin PBXResourcesBuildPhase section */
		D9DF47852BD5E6A200D050D1 /* Resources */ = {
			isa = PBXResourcesBuildPhase;
			buildActionMask = 2147483647;
			files = (
				D9DF47922BD5E6A400D050D1 /* Preview Assets.xcassets in Resources */,
				D9DF48742BD5F0EC00D050D1 /* .gitignore in Resources */,
				D9DF478F2BD5E6A400D050D1 /* Assets.xcassets in Resources */,
			);
			runOnlyForDeploymentPostprocessing = 0;
		};
/* End PBXResourcesBuildPhase section */

/* Begin PBXSourcesBuildPhase section */
		D9DF47832BD5E6A200D050D1 /* Sources */ = {
			isa = PBXSourcesBuildPhase;
			buildActionMask = 2147483647;
			files = (
				D9DF47A72BD5E99F00D050D1 /* AppEnvironment.swift in Sources */,
				D9DF48182BD5E9AB00D050D1 /* RestServices.swift in Sources */,
				D9DF48852BD659CF00D050D1 /* SplashView.swift in Sources */,
				D9DF47A82BD5E99F00D050D1 /* RestEnvironment.swift in Sources */,
				D9DF478D2BD5E6A200D050D1 /* ContentView.swift in Sources */,
				D9DF481A2BD5E9AB00D050D1 /* RequestWrapper.swift in Sources */,
				D9DF478B2BD5E6A200D050D1 /* SampleHTMLParsingApp.swift in Sources */,
				D9DF48872BD65B9200D050D1 /* SplashViewModel.swift in Sources */,
				D9DF48762BD5FB7000D050D1 /* Subway.swift in Sources */,
				D9DF47A62BD5E99F00D050D1 /* API.swift in Sources */,
				D9DF48192BD5E9AB00D050D1 /* EndPoints.swift in Sources */,
				D9DF481C2BD5E9AB00D050D1 /* ResponseWrapper.swift in Sources */,
				D9DF481D2BD5E9AB00D050D1 /* ErrorResponseModel.swift in Sources */,
				D9DF47A52BD5E99F00D050D1 /* BaseNetworking.swift in Sources */,
				D9DF48722BD5F0B000D050D1 /* APIKey.swift in Sources */,
				D9DF481B2BD5E9AB00D050D1 /* RestErrorResponse.swift in Sources */,
			);
			runOnlyForDeploymentPostprocessing = 0;
		};
/* End PBXSourcesBuildPhase section */

/* Begin XCBuildConfiguration section */
		D9DF47932BD5E6A400D050D1 /* Debug */ = {
			isa = XCBuildConfiguration;
			buildSettings = {
				ALWAYS_SEARCH_USER_PATHS = NO;
				ASSETCATALOG_COMPILER_GENERATE_SWIFT_ASSET_SYMBOL_EXTENSIONS = YES;
				CLANG_ANALYZER_NONNULL = YES;
				CLANG_ANALYZER_NUMBER_OBJECT_CONVERSION = YES_AGGRESSIVE;
				CLANG_CXX_LANGUAGE_STANDARD = "gnu++20";
				CLANG_ENABLE_MODULES = YES;
				CLANG_ENABLE_OBJC_ARC = YES;
				CLANG_ENABLE_OBJC_WEAK = YES;
				CLANG_WARN_BLOCK_CAPTURE_AUTORELEASING = YES;
				CLANG_WARN_BOOL_CONVERSION = YES;
				CLANG_WARN_COMMA = YES;
				CLANG_WARN_CONSTANT_CONVERSION = YES;
				CLANG_WARN_DEPRECATED_OBJC_IMPLEMENTATIONS = YES;
				CLANG_WARN_DIRECT_OBJC_ISA_USAGE = YES_ERROR;
				CLANG_WARN_DOCUMENTATION_COMMENTS = YES;
				CLANG_WARN_EMPTY_BODY = YES;
				CLANG_WARN_ENUM_CONVERSION = YES;
				CLANG_WARN_INFINITE_RECURSION = YES;
				CLANG_WARN_INT_CONVERSION = YES;
				CLANG_WARN_NON_LITERAL_NULL_CONVERSION = YES;
				CLANG_WARN_OBJC_IMPLICIT_RETAIN_SELF = YES;
				CLANG_WARN_OBJC_LITERAL_CONVERSION = YES;
				CLANG_WARN_OBJC_ROOT_CLASS = YES_ERROR;
				CLANG_WARN_QUOTED_INCLUDE_IN_FRAMEWORK_HEADER = YES;
				CLANG_WARN_RANGE_LOOP_ANALYSIS = YES;
				CLANG_WARN_STRICT_PROTOTYPES = YES;
				CLANG_WARN_SUSPICIOUS_MOVE = YES;
				CLANG_WARN_UNGUARDED_AVAILABILITY = YES_AGGRESSIVE;
				CLANG_WARN_UNREACHABLE_CODE = YES;
				CLANG_WARN__DUPLICATE_METHOD_MATCH = YES;
				COPY_PHASE_STRIP = NO;
				DEBUG_INFORMATION_FORMAT = dwarf;
				ENABLE_STRICT_OBJC_MSGSEND = YES;
				ENABLE_TESTABILITY = YES;
				ENABLE_USER_SCRIPT_SANDBOXING = YES;
				GCC_C_LANGUAGE_STANDARD = gnu17;
				GCC_DYNAMIC_NO_PIC = NO;
				GCC_NO_COMMON_BLOCKS = YES;
				GCC_OPTIMIZATION_LEVEL = 0;
				GCC_PREPROCESSOR_DEFINITIONS = (
					"DEBUG=1",
					"$(inherited)",
				);
				GCC_WARN_64_TO_32_BIT_CONVERSION = YES;
				GCC_WARN_ABOUT_RETURN_TYPE = YES_ERROR;
				GCC_WARN_UNDECLARED_SELECTOR = YES;
				GCC_WARN_UNINITIALIZED_AUTOS = YES_AGGRESSIVE;
				GCC_WARN_UNUSED_FUNCTION = YES;
				GCC_WARN_UNUSED_VARIABLE = YES;
				IPHONEOS_DEPLOYMENT_TARGET = 15.0;
				LOCALIZATION_PREFERS_STRING_CATALOGS = YES;
				MTL_ENABLE_DEBUG_INFO = INCLUDE_SOURCE;
				MTL_FAST_MATH = YES;
				ONLY_ACTIVE_ARCH = YES;
				SDKROOT = iphoneos;
				SWIFT_ACTIVE_COMPILATION_CONDITIONS = "DEBUG $(inherited)";
				SWIFT_OPTIMIZATION_LEVEL = "-Onone";
			};
			name = Debug;
		};
		D9DF47942BD5E6A400D050D1 /* Release */ = {
			isa = XCBuildConfiguration;
			buildSettings = {
				ALWAYS_SEARCH_USER_PATHS = NO;
				ASSETCATALOG_COMPILER_GENERATE_SWIFT_ASSET_SYMBOL_EXTENSIONS = YES;
				CLANG_ANALYZER_NONNULL = YES;
				CLANG_ANALYZER_NUMBER_OBJECT_CONVERSION = YES_AGGRESSIVE;
				CLANG_CXX_LANGUAGE_STANDARD = "gnu++20";
				CLANG_ENABLE_MODULES = YES;
				CLANG_ENABLE_OBJC_ARC = YES;
				CLANG_ENABLE_OBJC_WEAK = YES;
				CLANG_WARN_BLOCK_CAPTURE_AUTORELEASING = YES;
				CLANG_WARN_BOOL_CONVERSION = YES;
				CLANG_WARN_COMMA = YES;
				CLANG_WARN_CONSTANT_CONVERSION = YES;
				CLANG_WARN_DEPRECATED_OBJC_IMPLEMENTATIONS = YES;
				CLANG_WARN_DIRECT_OBJC_ISA_USAGE = YES_ERROR;
				CLANG_WARN_DOCUMENTATION_COMMENTS = YES;
				CLANG_WARN_EMPTY_BODY = YES;
				CLANG_WARN_ENUM_CONVERSION = YES;
				CLANG_WARN_INFINITE_RECURSION = YES;
				CLANG_WARN_INT_CONVERSION = YES;
				CLANG_WARN_NON_LITERAL_NULL_CONVERSION = YES;
				CLANG_WARN_OBJC_IMPLICIT_RETAIN_SELF = YES;
				CLANG_WARN_OBJC_LITERAL_CONVERSION = YES;
				CLANG_WARN_OBJC_ROOT_CLASS = YES_ERROR;
				CLANG_WARN_QUOTED_INCLUDE_IN_FRAMEWORK_HEADER = YES;
				CLANG_WARN_RANGE_LOOP_ANALYSIS = YES;
				CLANG_WARN_STRICT_PROTOTYPES = YES;
				CLANG_WARN_SUSPICIOUS_MOVE = YES;
				CLANG_WARN_UNGUARDED_AVAILABILITY = YES_AGGRESSIVE;
				CLANG_WARN_UNREACHABLE_CODE = YES;
				CLANG_WARN__DUPLICATE_METHOD_MATCH = YES;
				COPY_PHASE_STRIP = NO;
				DEBUG_INFORMATION_FORMAT = "dwarf-with-dsym";
				ENABLE_NS_ASSERTIONS = NO;
				ENABLE_STRICT_OBJC_MSGSEND = YES;
				ENABLE_USER_SCRIPT_SANDBOXING = YES;
				GCC_C_LANGUAGE_STANDARD = gnu17;
				GCC_NO_COMMON_BLOCKS = YES;
				GCC_WARN_64_TO_32_BIT_CONVERSION = YES;
				GCC_WARN_ABOUT_RETURN_TYPE = YES_ERROR;
				GCC_WARN_UNDECLARED_SELECTOR = YES;
				GCC_WARN_UNINITIALIZED_AUTOS = YES_AGGRESSIVE;
				GCC_WARN_UNUSED_FUNCTION = YES;
				GCC_WARN_UNUSED_VARIABLE = YES;
				IPHONEOS_DEPLOYMENT_TARGET = 15.0;
				LOCALIZATION_PREFERS_STRING_CATALOGS = YES;
				MTL_ENABLE_DEBUG_INFO = NO;
				MTL_FAST_MATH = YES;
				SDKROOT = iphoneos;
				SWIFT_COMPILATION_MODE = wholemodule;
				VALIDATE_PRODUCT = YES;
			};
			name = Release;
		};
		D9DF47962BD5E6A400D050D1 /* Debug */ = {
			isa = XCBuildConfiguration;
			buildSettings = {
				ASSETCATALOG_COMPILER_APPICON_NAME = AppIcon;
				ASSETCATALOG_COMPILER_GLOBAL_ACCENT_COLOR_NAME = AccentColor;
				CODE_SIGN_STYLE = Automatic;
				CURRENT_PROJECT_VERSION = 1;
				DEVELOPMENT_ASSET_PATHS = "\"SampleHTMLParsing/Preview Content\"";
				DEVELOPMENT_TEAM = HBM2HJZ98F;
				ENABLE_PREVIEWS = YES;
				GENERATE_INFOPLIST_FILE = YES;
				INFOPLIST_FILE = SampleHTMLParsing/Info.plist;
				INFOPLIST_KEY_UIApplicationSceneManifest_Generation = YES;
				INFOPLIST_KEY_UIApplicationSupportsIndirectInputEvents = YES;
				INFOPLIST_KEY_UILaunchScreen_Generation = YES;
				INFOPLIST_KEY_UISupportedInterfaceOrientations = UIInterfaceOrientationPortrait;
				INFOPLIST_KEY_UISupportedInterfaceOrientations_iPad = "UIInterfaceOrientationLandscapeLeft UIInterfaceOrientationLandscapeRight UIInterfaceOrientationPortrait UIInterfaceOrientationPortraitUpsideDown";
				IPHONEOS_DEPLOYMENT_TARGET = 15.0;
				LD_RUNPATH_SEARCH_PATHS = (
					"$(inherited)",
					"@executable_path/Frameworks",
				);
				MARKETING_VERSION = 1.0;
				PRODUCT_BUNDLE_IDENTIFIER = com.hessegg.SampleHTMLParsing;
				PRODUCT_NAME = "$(TARGET_NAME)";
				SUPPORTED_PLATFORMS = "iphoneos iphonesimulator";
				SUPPORTS_MACCATALYST = NO;
				SUPPORTS_MAC_DESIGNED_FOR_IPHONE_IPAD = NO;
				SWIFT_EMIT_LOC_STRINGS = YES;
				SWIFT_VERSION = 5.0;
				TARGETED_DEVICE_FAMILY = 1;
			};
			name = Debug;
		};
		D9DF47972BD5E6A400D050D1 /* Release */ = {
			isa = XCBuildConfiguration;
			buildSettings = {
				ASSETCATALOG_COMPILER_APPICON_NAME = AppIcon;
				ASSETCATALOG_COMPILER_GLOBAL_ACCENT_COLOR_NAME = AccentColor;
				CODE_SIGN_STYLE = Automatic;
				CURRENT_PROJECT_VERSION = 1;
				DEVELOPMENT_ASSET_PATHS = "\"SampleHTMLParsing/Preview Content\"";
				DEVELOPMENT_TEAM = HBM2HJZ98F;
				ENABLE_PREVIEWS = YES;
				GENERATE_INFOPLIST_FILE = YES;
				INFOPLIST_FILE = SampleHTMLParsing/Info.plist;
				INFOPLIST_KEY_UIApplicationSceneManifest_Generation = YES;
				INFOPLIST_KEY_UIApplicationSupportsIndirectInputEvents = YES;
				INFOPLIST_KEY_UILaunchScreen_Generation = YES;
				INFOPLIST_KEY_UISupportedInterfaceOrientations = UIInterfaceOrientationPortrait;
				INFOPLIST_KEY_UISupportedInterfaceOrientations_iPad = "UIInterfaceOrientationLandscapeLeft UIInterfaceOrientationLandscapeRight UIInterfaceOrientationPortrait UIInterfaceOrientationPortraitUpsideDown";
				IPHONEOS_DEPLOYMENT_TARGET = 15.0;
				LD_RUNPATH_SEARCH_PATHS = (
					"$(inherited)",
					"@executable_path/Frameworks",
				);
				MARKETING_VERSION = 1.0;
				PRODUCT_BUNDLE_IDENTIFIER = com.hessegg.SampleHTMLParsing;
				PRODUCT_NAME = "$(TARGET_NAME)";
				SUPPORTED_PLATFORMS = "iphoneos iphonesimulator";
				SUPPORTS_MACCATALYST = NO;
				SUPPORTS_MAC_DESIGNED_FOR_IPHONE_IPAD = NO;
				SWIFT_EMIT_LOC_STRINGS = YES;
				SWIFT_VERSION = 5.0;
				TARGETED_DEVICE_FAMILY = 1;
			};
			name = Release;
		};
/* End XCBuildConfiguration section */

/* Begin XCConfigurationList section */
		D9DF47822BD5E6A200D050D1 /* Build configuration list for PBXProject "SampleHTMLParsing" */ = {
			isa = XCConfigurationList;
			buildConfigurations = (
				D9DF47932BD5E6A400D050D1 /* Debug */,
				D9DF47942BD5E6A400D050D1 /* Release */,
			);
			defaultConfigurationIsVisible = 0;
			defaultConfigurationName = Release;
		};
		D9DF47952BD5E6A400D050D1 /* Build configuration list for PBXNativeTarget "SampleHTMLParsing" */ = {
			isa = XCConfigurationList;
			buildConfigurations = (
				D9DF47962BD5E6A400D050D1 /* Debug */,
				D9DF47972BD5E6A400D050D1 /* Release */,
			);
			defaultConfigurationIsVisible = 0;
			defaultConfigurationName = Release;
		};
/* End XCConfigurationList section */

/* Begin XCRemoteSwiftPackageReference section */
		D9DF47982BD5E92200D050D1 /* XCRemoteSwiftPackageReference "Alamofire" */ = {
			isa = XCRemoteSwiftPackageReference;
			repositoryURL = "https://github.com/Alamofire/Alamofire.git";
			requirement = {
				kind = exactVersion;
				version = 5.9.1;
			};
		};
		D9DF48772BD6257A00D050D1 /* XCRemoteSwiftPackageReference "XMLCoder" */ = {
			isa = XCRemoteSwiftPackageReference;
			repositoryURL = "https://github.com/CoreOffice/XMLCoder.git";
			requirement = {
				kind = exactVersion;
				version = 0.15.0;
			};
		};
		D9DF487A2BD6306A00D050D1 /* XCRemoteSwiftPackageReference "SWXMLHash" */ = {
			isa = XCRemoteSwiftPackageReference;
			repositoryURL = "https://github.com/drmohundro/SWXMLHash.git";
			requirement = {
				kind = exactVersion;
				version = 7.0.0;
			};
		};
/* End XCRemoteSwiftPackageReference section */

/* Begin XCSwiftPackageProductDependency section */
		D9DF47992BD5E92200D050D1 /* Alamofire */ = {
			isa = XCSwiftPackageProductDependency;
			package = D9DF47982BD5E92200D050D1 /* XCRemoteSwiftPackageReference "Alamofire" */;
			productName = Alamofire;
		};
		D9DF48782BD6257A00D050D1 /* XMLCoder */ = {
			isa = XCSwiftPackageProductDependency;
			package = D9DF48772BD6257A00D050D1 /* XCRemoteSwiftPackageReference "XMLCoder" */;
			productName = XMLCoder;
		};
		D9DF487B2BD6306A00D050D1 /* SWXMLHash */ = {
			isa = XCSwiftPackageProductDependency;
			package = D9DF487A2BD6306A00D050D1 /* XCRemoteSwiftPackageReference "SWXMLHash" */;
			productName = SWXMLHash;
		};
/* End XCSwiftPackageProductDependency section */
	};
	rootObject = D9DF477F2BD5E6A200D050D1 /* Project object */;
}
